
Microsoft Visual Studio Solution File, Format Version 12.00
# Visual Studio 15
Project("{FAE04EC0-301F-11D3-BF4B-00C04F79EFBC}") = "Ejercicio04.Android", "Ejercicio04.Android\Ejercicio04.Android.csproj", "{76668C55-454D-493F-9C12-8ABD25774EA9}"
EndProject
Project("{FAE04EC0-301F-11D3-BF4B-00C04F79EFBC}") = "Ejercicio04.iOS", "Ejercicio04.iOS\Ejercicio04.iOS.csproj", "{88010C7C-0225-4743-8E24-1477B01D2276}"
EndProject
Project("{FAE04EC0-301F-11D3-BF4B-00C04F79EFBC}") = "Ejercicio04", "Ejercicio04\Ejercicio04.csproj", "{DCB478A0-50D9-49CB-BC1B-221C4A80D359}"
EndProject
Global
	GlobalSection(SolutionConfigurationPlatforms) = preSolution
		Debug|Any CPU = Debug|Any CPU
		Release|Any CPU = Release|Any CPU
		Debug|iPhoneSimulator = Debug|iPhoneSimulator
		Release|iPhoneSimulator = Release|iPhoneSimulator
		Debug|iPhone = Debug|iPhone
		Release|iPhone = Release|iPhone
	EndGlobalSection
	GlobalSection(ProjectConfigurationPlatforms) = postSolution
		{76668C55-454D-493F-9C12-8ABD25774EA9}.Debug|Any CPU.ActiveCfg = Debug|Any CPU
		{76668C55-454D-493F-9C12-8ABD25774EA9}.Debug|Any CPU.Build.0 = Debug|Any CPU
		{76668C55-454D-493F-9C12-8ABD25774EA9}.Release|Any CPU.ActiveCfg = Release|Any CPU
		{76668C55-454D-493F-9C12-8ABD25774EA9}.Release|Any CPU.Build.0 = Release|Any CPU
		{76668C55-454D-493F-9C12-8ABD25774EA9}.Debug|iPhoneSimulator.ActiveCfg = Debug|Any CPU
		{76668C55-454D-493F-9C12-8ABD25774EA9}.Debug|iPhoneSimulator.Build.0 = Debug|Any CPU
		{76668C55-454D-493F-9C12-8ABD25774EA9}.Release|iPhoneSimulator.ActiveCfg = Release|Any CPU
		{76668C55-454D-493F-9C12-8ABD25774EA9}.Release|iPhoneSimulator.Build.0 = Release|Any CPU
		{76668C55-454D-493F-9C12-8ABD25774EA9}.Debug|iPhone.ActiveCfg = Debug|Any CPU
		{76668C55-454D-493F-9C12-8ABD25774EA9}.Debug|iPhone.Build.0 = Debug|Any CPU
		{76668C55-454D-493F-9C12-8ABD25774EA9}.Release|iPhone.ActiveCfg = Release|Any CPU
		{76668C55-454D-493F-9C12-8ABD25774EA9}.Release|iPhone.Build.0 = Release|Any CPU
		{88010C7C-0225-4743-8E24-1477B01D2276}.Debug|Any CPU.ActiveCfg = Debug|iPhoneSimulator
		{88010C7C-0225-4743-8E24-1477B01D2276}.Debug|Any CPU.Build.0 = Debug|iPhoneSimulator
		{88010C7C-0225-4743-8E24-1477B01D2276}.Release|Any CPU.ActiveCfg = Release|iPhoneSimulator
		{88010C7C-0225-4743-8E24-1477B01D2276}.Release|Any CPU.Build.0 = Release|iPhoneSimulator
		{88010C7C-0225-4743-8E24-1477B01D2276}.Debug|iPhoneSimulator.ActiveCfg = Debug|iPhoneSimulator
		{88010C7C-0225-4743-8E24-1477B01D2276}.Debug|iPhoneSimulator.Build.0 = Debug|iPhoneSimulator
		{88010C7C-0225-4743-8E24-1477B01D2276}.Release|iPhoneSimulator.ActiveCfg = Release|iPhoneSimulator
		{88010C7C-0225-4743-8E24-1477B01D2276}.Release|iPhoneSimulator.Build.0 = Release|iPhoneSimulator
		{88010C7C-0225-4743-8E24-1477B01D2276}.Debug|iPhone.ActiveCfg = Debug|iPhone
		{88010C7C-0225-4743-8E24-1477B01D2276}.Debug|iPhone.Build.0 = Debug|iPhone
		{88010C7C-0225-4743-8E24-1477B01D2276}.Release|iPhone.ActiveCfg = Release|iPhone
		{88010C7C-0225-4743-8E24-1477B01D2276}.Release|iPhone.Build.0 = Release|iPhone
		{DCB478A0-50D9-49CB-BC1B-221C4A80D359}.Debug|Any CPU.ActiveCfg = Debug|Any CPU
		{DCB478A0-50D9-49CB-BC1B-221C4A80D359}.Debug|Any CPU.Build.0 = Debug|Any CPU
		{DCB478A0-50D9-49CB-BC1B-221C4A80D359}.Release|Any CPU.ActiveCfg = Release|Any CPU
		{DCB478A0-50D9-49CB-BC1B-221C4A80D359}.Release|Any CPU.Build.0 = Release|Any CPU
		{DCB478A0-50D9-49CB-BC1B-221C4A80D359}.Debug|iPhoneSimulator.ActiveCfg = Debug|Any CPU
		{DCB478A0-50D9-49CB-BC1B-221C4A80D359}.Debug|iPhoneSimulator.Build.0 = Debug|Any CPU
		{DCB478A0-50D9-49CB-BC1B-221C4A80D359}.Release|iPhoneSimulator.ActiveCfg = Release|Any CPU
		{DCB478A0-50D9-49CB-BC1B-221C4A80D359}.Release|iPhoneSimulator.Build.0 = Release|Any CPU
		{DCB478A0-50D9-49CB-BC1B-221C4A80D359}.Debug|iPhone.ActiveCfg = Debug|Any CPU
		{DCB478A0-50D9-49CB-BC1B-221C4A80D359}.Debug|iPhone.Build.0 = Debug|Any CPU
		{DCB478A0-50D9-49CB-BC1B-221C4A80D359}.Release|iPhone.ActiveCfg = Release|Any CPU
		{DCB478A0-50D9-49CB-BC1B-221C4A80D359}.Release|iPhone.Build.0 = Release|Any CPU
	EndGlobalSection
EndGlobal
